github.com/gotk3/gotk3 v0.6.1 h1:GJ400a0ecEEWrzjBvzBzH+pB/esEMIGdB9zPSmBdoeo=
github.com/gotk3/gotk3 v0.6.1/go.mod h1:/hqFpkNa9T3JgNAE2fLvCdov7c5bw//FHNZrZ3Uv9/Q=
github.com/pkg/browser v0.0.0-20210911075715-681adbf594b8 h1:KoWmjvw+nsYOo29YJK9vDA65RGE3NrOnUtO7a+RF9HU=
github.com/pkg/browser v0.0.0-20210911075715-681adbf594b8/go.mod h1:HKlIX3XHQyzLZPlr7++PzdhaXEj94dEiJgZDTsxEqUI=
golang.org/x/net v0.0.0-20220909164309-bea034e7d591 h1:D0B/7al0LLrVC8aWF4+oxpv/m8bc7ViFfVS8/gXGdqI=
golang.org/x/net v0.0.0-20220909164309-bea034e7d591/go.mod h1:YDH+HFinaLZZlnHAfSS6ZXJJ9M9t4Dl22yv3iI2vPwk=
golang.org/x/sys v0.0.0-20210616045830-e2b7044e8c71/go.mod h1:oPkhp1MJrh7nUepCBck5+mAzfO9JrbApNNgaTdGDITg=
golang.org/x/sys v0.0.0-20220731174439-a90be440212d h1:Sv5ogFZatcgIMMtBSTTAgMYsicp25MXBubjXNDKwm80=
golang.org/x/sys v0.0.0-20220731174439-a90be440212d/go.mod h1:oPkhp1MJrh7nUepCBck5+mAzfO9JrbApNNgaTdGDITg=
